
Microsoft Visual Studio Solution File, Format Version 12.00
# Visual Studio Version 17
VisualStudioVersion = 17.13.35828.75 d17.13
MinimumVisualStudioVersion = 10.0.40219.1
Project("{FAE04EC0-301F-11D3-BF4B-00C04F79EFBC}") = "Generics", "Generics\Generics.csproj", "{52316FCB-9437-4899-A0ED-C779AB2A18B6}"
EndProject
Project("{FAE04EC0-301F-11D3-BF4B-00C04F79EFBC}") = "Exc_Delegates", "Exc_Delegates\Exc_Delegates.csproj", "{A9553D9E-77AA-40B0-B17F-81AE78BDFB27}"
EndProject
Project("{FAE04EC0-301F-11D3-BF4B-00C04F79EFBC}") = "Exc_Generics", "Exc_Generics\Exc_Generics.csproj", "{6DBCA985-9495-4C9C-B95E-524A22D67D1B}"
EndProject
Global
	GlobalSection(SolutionConfigurationPlatforms) = preSolution
		Debug|Any CPU = Debug|Any CPU
		Release|Any CPU = Release|Any CPU
	EndGlobalSection
	GlobalSection(ProjectConfigurationPlatforms) = postSolution
		{52316FCB-9437-4899-A0ED-C779AB2A18B6}.Debug|Any CPU.ActiveCfg = Debug|Any CPU
		{52316FCB-9437-4899-A0ED-C779AB2A18B6}.Debug|Any CPU.Build.0 = Debug|Any CPU
		{52316FCB-9437-4899-A0ED-C779AB2A18B6}.Release|Any CPU.ActiveCfg = Release|Any CPU
		{52316FCB-9437-4899-A0ED-C779AB2A18B6}.Release|Any CPU.Build.0 = Release|Any CPU
		{A9553D9E-77AA-40B0-B17F-81AE78BDFB27}.Debug|Any CPU.ActiveCfg = Debug|Any CPU
		{A9553D9E-77AA-40B0-B17F-81AE78BDFB27}.Debug|Any CPU.Build.0 = Debug|Any CPU
		{A9553D9E-77AA-40B0-B17F-81AE78BDFB27}.Release|Any CPU.ActiveCfg = Release|Any CPU
		{A9553D9E-77AA-40B0-B17F-81AE78BDFB27}.Release|Any CPU.Build.0 = Release|Any CPU
		{6DBCA985-9495-4C9C-B95E-524A22D67D1B}.Debug|Any CPU.ActiveCfg = Debug|Any CPU
		{6DBCA985-9495-4C9C-B95E-524A22D67D1B}.Debug|Any CPU.Build.0 = Debug|Any CPU
		{6DBCA985-9495-4C9C-B95E-524A22D67D1B}.Release|Any CPU.ActiveCfg = Release|Any CPU
		{6DBCA985-9495-4C9C-B95E-524A22D67D1B}.Release|Any CPU.Build.0 = Release|Any CPU
	EndGlobalSection
	GlobalSection(SolutionProperties) = preSolution
		HideSolutionNode = FALSE
	EndGlobalSection
	GlobalSection(ExtensibilityGlobals) = postSolution
		SolutionGuid = {3CC619DD-DC57-4B13-B79F-E48EBE8208BE}
	EndGlobalSection
EndGlobal
