
Microsoft Visual Studio Solution File, Format Version 12.00
# Visual Studio Version 17
VisualStudioVersion = 17.13.35828.75 d17.13
MinimumVisualStudioVersion = 10.0.40219.1
Project("{FAE04EC0-301F-11D3-BF4B-00C04F79EFBC}") = "Exc_Delegates", "Exc_Delegates\Exc_Delegates.csproj", "{A9553D9E-77AA-40B0-B17F-81AE78BDFB27}"
EndProject
Project("{FAE04EC0-301F-11D3-BF4B-00C04F79EFBC}") = "Exc_Generics", "Exc_Generics\Exc_Generics.csproj", "{6DBCA985-9495-4C9C-B95E-524A22D67D1B}"
EndProject
Project("{FAE04EC0-301F-11D3-BF4B-00C04F79EFBC}") = "Exc_Events", "Exc_Events\Exc_Events.csproj", "{05C332BD-866B-41CA-8EBE-421B63D5CB42}"
EndProject
Project("{FAE04EC0-301F-11D3-BF4B-00C04F79EFBC}") = "Exc_Lambdas", "Exc_Lambdas\Exc_Lambdas.csproj", "{EFE75CA3-2E7F-4ECD-95C5-8CFE703F11D4}"
EndProject
Project("{FAE04EC0-301F-11D3-BF4B-00C04F79EFBC}") = "Exc_DelEvnLam", "Exc_DelEvnLam\Exc_DelEvnLam.csproj", "{CBD87031-75D9-4C69-BDFE-F937A23BE3DF}"
EndProject
Global
	GlobalSection(SolutionConfigurationPlatforms) = preSolution
		Debug|Any CPU = Debug|Any CPU
		Release|Any CPU = Release|Any CPU
	EndGlobalSection
	GlobalSection(ProjectConfigurationPlatforms) = postSolution
		{A9553D9E-77AA-40B0-B17F-81AE78BDFB27}.Debug|Any CPU.ActiveCfg = Debug|Any CPU
		{A9553D9E-77AA-40B0-B17F-81AE78BDFB27}.Debug|Any CPU.Build.0 = Debug|Any CPU
		{A9553D9E-77AA-40B0-B17F-81AE78BDFB27}.Release|Any CPU.ActiveCfg = Release|Any CPU
		{A9553D9E-77AA-40B0-B17F-81AE78BDFB27}.Release|Any CPU.Build.0 = Release|Any CPU
		{6DBCA985-9495-4C9C-B95E-524A22D67D1B}.Debug|Any CPU.ActiveCfg = Debug|Any CPU
		{6DBCA985-9495-4C9C-B95E-524A22D67D1B}.Debug|Any CPU.Build.0 = Debug|Any CPU
		{6DBCA985-9495-4C9C-B95E-524A22D67D1B}.Release|Any CPU.ActiveCfg = Release|Any CPU
		{6DBCA985-9495-4C9C-B95E-524A22D67D1B}.Release|Any CPU.Build.0 = Release|Any CPU
		{05C332BD-866B-41CA-8EBE-421B63D5CB42}.Debug|Any CPU.ActiveCfg = Debug|Any CPU
		{05C332BD-866B-41CA-8EBE-421B63D5CB42}.Debug|Any CPU.Build.0 = Debug|Any CPU
		{05C332BD-866B-41CA-8EBE-421B63D5CB42}.Release|Any CPU.ActiveCfg = Release|Any CPU
		{05C332BD-866B-41CA-8EBE-421B63D5CB42}.Release|Any CPU.Build.0 = Release|Any CPU
		{EFE75CA3-2E7F-4ECD-95C5-8CFE703F11D4}.Debug|Any CPU.ActiveCfg = Debug|Any CPU
		{EFE75CA3-2E7F-4ECD-95C5-8CFE703F11D4}.Debug|Any CPU.Build.0 = Debug|Any CPU
		{EFE75CA3-2E7F-4ECD-95C5-8CFE703F11D4}.Release|Any CPU.ActiveCfg = Release|Any CPU
		{EFE75CA3-2E7F-4ECD-95C5-8CFE703F11D4}.Release|Any CPU.Build.0 = Release|Any CPU
		{CBD87031-75D9-4C69-BDFE-F937A23BE3DF}.Debug|Any CPU.ActiveCfg = Debug|Any CPU
		{CBD87031-75D9-4C69-BDFE-F937A23BE3DF}.Debug|Any CPU.Build.0 = Debug|Any CPU
		{CBD87031-75D9-4C69-BDFE-F937A23BE3DF}.Release|Any CPU.ActiveCfg = Release|Any CPU
		{CBD87031-75D9-4C69-BDFE-F937A23BE3DF}.Release|Any CPU.Build.0 = Release|Any CPU
	EndGlobalSection
	GlobalSection(SolutionProperties) = preSolution
		HideSolutionNode = FALSE
	EndGlobalSection
	GlobalSection(ExtensibilityGlobals) = postSolution
		SolutionGuid = {3CC619DD-DC57-4B13-B79F-E48EBE8208BE}
	EndGlobalSection
EndGlobal
